
Microsoft Visual Studio Solution File, Format Version 12.00
# Visual Studio Version 17
VisualStudioVersion = 17.7.34018.315
MinimumVisualStudioVersion = 10.0.40219.1
Project("{FAE04EC0-301F-11D3-BF4B-00C04F79EFBC}") = "Automobile_Showroom", "Automobile_Showroom\Automobile_Showroom.csproj", "{2D0FCCD8-56BE-4D41-8B7C-5C63E1C3EFEA}"
EndProject
Global
	GlobalSection(SolutionConfigurationPlatforms) = preSolution
		Debug|Any CPU = Debug|Any CPU
		Release|Any CPU = Release|Any CPU
	EndGlobalSection
	GlobalSection(ProjectConfigurationPlatforms) = postSolution
		{2D0FCCD8-56BE-4D41-8B7C-5C63E1C3EFEA}.Debug|Any CPU.ActiveCfg = Debug|Any CPU
		{2D0FCCD8-56BE-4D41-8B7C-5C63E1C3EFEA}.Debug|Any CPU.Build.0 = Debug|Any CPU
		{2D0FCCD8-56BE-4D41-8B7C-5C63E1C3EFEA}.Release|Any CPU.ActiveCfg = Release|Any CPU
		{2D0FCCD8-56BE-4D41-8B7C-5C63E1C3EFEA}.Release|Any CPU.Build.0 = Release|Any CPU
	EndGlobalSection
	GlobalSection(SolutionProperties) = preSolution
		HideSolutionNode = FALSE
	EndGlobalSection
	GlobalSection(ExtensibilityGlobals) = postSolution
		SolutionGuid = {305C0DB6-64F6-42A9-BDEF-D5990A8DB349}
	EndGlobalSection
EndGlobal
